
Microsoft Visual Studio Solution File, Format Version 12.00
# Visual Studio Version 16
VisualStudioVersion = 16.0.30804.86
MinimumVisualStudioVersion = 10.0.40219.1
Project("{FAE04EC0-301F-11D3-BF4B-00C04F79EFBC}") = "ClassLibrary1", "ClassLibrary1\ClassLibrary1.csproj", "{6DD9E695-946D-48A0-B17F-6845218C2B2F}"
EndProject
Global
	GlobalSection(SolutionConfigurationPlatforms) = preSolution
		Debug|Any CPU = Debug|Any CPU
		Release|Any CPU = Release|Any CPU
	EndGlobalSection
	GlobalSection(ProjectConfigurationPlatforms) = postSolution
		{6DD9E695-946D-48A0-B17F-6845218C2B2F}.Debug|Any CPU.ActiveCfg = Debug|Any CPU
		{6DD9E695-946D-48A0-B17F-6845218C2B2F}.Debug|Any CPU.Build.0 = Debug|Any CPU
		{6DD9E695-946D-48A0-B17F-6845218C2B2F}.Release|Any CPU.ActiveCfg = Release|Any CPU
		{6DD9E695-946D-48A0-B17F-6845218C2B2F}.Release|Any CPU.Build.0 = Release|Any CPU
	EndGlobalSection
	GlobalSection(SolutionProperties) = preSolution
		HideSolutionNode = FALSE
	EndGlobalSection
	GlobalSection(ExtensibilityGlobals) = postSolution
		SolutionGuid = {B3CD80D6-4D23-4CD8-8EA7-8D631E561036}
	EndGlobalSection
EndGlobal
